<?xml version="1.0" encoding="utf-8"?>
<Project ToolsVersion="4.0" xmlns="http://schemas.microsoft.com/developer/msbuild/2003">
  <ItemGroup>
    <Filter Include="Archivos de origen">
      <UniqueIdentifier>{4FC737F1-C7A5-4376-A066-2A32D752A2FF}</UniqueIdentifier>
      <Extensions>cpp;c;cc;cxx;c++;def;odl;idl;hpj;bat;asm;asmx</Extensions>
    </Filter>
    <Filter Include="Archivos de encabezado">
      <UniqueIdentifier>{93995380-89BD-4b04-88EB-625FBE52EBFB}</UniqueIdentifier>
      <Extensions>h;hh;hpp;hxx;h++;hm;inl;inc;ipp;xsd</Extensions>
    </Filter>
    <Filter Include="Archivos de recursos">
      <UniqueIdentifier>{67DA6AB6-F800-4c08-8B7A-83BB121AAD01}</UniqueIdentifier>
      <Extensions>rc;ico;cur;bmp;dlg;rc2;rct;bin;rgs;gif;jpg;jpeg;jpe;resx;tiff;tif;png;wav;mfcribbon-ms</Extensions>
    </Filter>
    <Filter Include="Archivos de origen\nonlinear">
      <UniqueIdentifier>{bdcb548e-325e-44aa-8b9d-6f33ef7ca836}</UniqueIdentifier>
    </Filter>
    <Filter Include="Archivos de encabezado\nonlinear">
      <UniqueIdentifier>{cbda7980-8dfe-4d40-ba9c-2b26485a907e}</UniqueIdentifier>
    </Filter>
    <Filter Include="Archivos de encabezado\base_calc">
      <UniqueIdentifier>{2b1f68b8-1635-4eee-888f-db6e92711bcc}</UniqueIdentifier>
    </Filter>
    <Filter Include="Archivos de origen\base_calc">
      <UniqueIdentifier>{55c87305-2da4-4df1-b65c-f3ab4aded446}</UniqueIdentifier>
    </Filter>
    <Filter Include="Archivos de encabezado\differential">
      <UniqueIdentifier>{245f0e37-d898-4c08-86ba-69544fba2f81}</UniqueIdentifier>
    </Filter>
    <Filter Include="Archivos de origen\differential">
      <UniqueIdentifier>{e323f89b-7337-4865-8b1c-0318b334999a}</UniqueIdentifier>
    </Filter>
    <Filter Include="Archivos de encabezado\misc">
      <UniqueIdentifier>{1f2d36bf-18cc-4157-be95-b6bce454c713}</UniqueIdentifier>
    </Filter>
    <Filter Include="Archivos de origen\misc">
      <UniqueIdentifier>{3522853e-9408-4756-b64d-3e3c9b113dfd}</UniqueIdentifier>
    </Filter>
    <Filter Include="Archivos de encabezado\common">
      <UniqueIdentifier>{f1c4a945-f0f7-4546-8ecb-4343cba8913f}</UniqueIdentifier>
    </Filter>
    <Filter Include="Archivos de encabezado\approximation">
      <UniqueIdentifier>{b32a8e39-a273-4cff-b8a3-155977a90992}</UniqueIdentifier>
    </Filter>
    <Filter Include="Archivos de origen\approximation">
      <UniqueIdentifier>{a5e18820-40e8-4f79-9a57-81a049650903}</UniqueIdentifier>
    </Filter>
    <Filter Include="Archivos de encabezado\integration">
      <UniqueIdentifier>{f54ba56b-16f6-421e-8d38-c029fa5dd2f3}</UniqueIdentifier>
    </Filter>
    <Filter Include="Archivos de origen\integration">
      <UniqueIdentifier>{f5237901-e3c4-416c-b89c-3db2190f2224}</UniqueIdentifier>
    </Filter>
  </ItemGroup>
  <ItemGroup>
    <ClCompile Include="main.cpp">
      <Filter>Archivos de origen</Filter>
    </ClCompile>
    <ClCompile Include="nonlinear\bisection.cpp">
      <Filter>Archivos de origen\nonlinear</Filter>
    </ClCompile>
    <ClCompile Include="nonlinear\nonlinear.cpp">
      <Filter>Archivos de origen\nonlinear</Filter>
    </ClCompile>
    <ClCompile Include="nonlinear\regula_falsi.cpp">
      <Filter>Archivos de origen\nonlinear</Filter>
    </ClCompile>
    <ClCompile Include="base_calc\base_calc.cpp">
      <Filter>Archivos de origen\base_calc</Filter>
    </ClCompile>
    <ClCompile Include="base_calc\interpreter.cpp">
      <Filter>Archivos de origen\base_calc</Filter>
    </ClCompile>
    <ClCompile Include="base_calc\lexer.cpp">
      <Filter>Archivos de origen\base_calc</Filter>
    </ClCompile>
    <ClCompile Include="base_calc\parcer.cpp">
      <Filter>Archivos de origen\base_calc</Filter>
    </ClCompile>
    <ClCompile Include="base_calc\parse_tree.cpp">
      <Filter>Archivos de origen\base_calc</Filter>
    </ClCompile>
    <ClCompile Include="base_calc\tools.cpp">
      <Filter>Archivos de origen\base_calc</Filter>
    </ClCompile>
    <ClCompile Include="differential\differential.cpp">
      <Filter>Archivos de origen\differential</Filter>
    </ClCompile>
    <ClCompile Include="differential\differentiation.cpp">
      <Filter>Archivos de origen\differential</Filter>
    </ClCompile>
    <ClCompile Include="nonlinear\newton_raphson.cpp">
      <Filter>Archivos de origen\nonlinear</Filter>
    </ClCompile>
    <ClCompile Include="nonlinear\secant.cpp">
      <Filter>Archivos de origen\nonlinear</Filter>
    </ClCompile>
    <ClCompile Include="misc\arithmetic_geometric_mean.cpp">
      <Filter>Archivos de origen\misc</Filter>
    </ClCompile>
    <ClCompile Include="approximation\approximation.cpp">
      <Filter>Archivos de origen\approximation</Filter>
    </ClCompile>
    <ClCompile Include="approximation\logarithmic.cpp">
      <Filter>Archivos de origen\approximation</Filter>
    </ClCompile>
    <ClCompile Include="approximation\trigonometric.cpp">
      <Filter>Archivos de origen\approximation</Filter>
    </ClCompile>
    <ClCompile Include="approximation\exponential.cpp">
      <Filter>Archivos de origen\approximation</Filter>
    </ClCompile>
    <ClCompile Include="integration\integration.cpp">
      <Filter>Archivos de origen\integration</Filter>
    </ClCompile>
    <ClCompile Include="integration\romberg.cpp">
      <Filter>Archivos de origen\integration</Filter>
    </ClCompile>
    <ClCompile Include="integration\trapezoidal.cpp">
      <Filter>Archivos de origen\integration</Filter>
    </ClCompile>
    <ClCompile Include="integration\simpson_1_3.cpp">
      <Filter>Archivos de origen\integration</Filter>
    </ClCompile>
    <ClCompile Include="integration\simpson_3_8.cpp">
      <Filter>Archivos de origen\integration</Filter>
    </ClCompile>
    <ClCompile Include="nonlinear\roots_range.cpp">
      <Filter>Archivos de origen\nonlinear</Filter>
    </ClCompile>
  </ItemGroup>
  <ItemGroup>
    <ClInclude Include="nonlinear\bisection.h">
      <Filter>Archivos de encabezado\nonlinear</Filter>
    </ClInclude>
    <ClInclude Include="nonlinear\nonlinear.h">
      <Filter>Archivos de encabezado\nonlinear</Filter>
    </ClInclude>
    <ClInclude Include="nonlinear\regula_falsi.h">
      <Filter>Archivos de encabezado\nonlinear</Filter>
    </ClInclude>
    <ClInclude Include="base_calc\base_calc.h">
      <Filter>Archivos de encabezado\base_calc</Filter>
    </ClInclude>
    <ClInclude Include="base_calc\interpreter.h">
      <Filter>Archivos de encabezado\base_calc</Filter>
    </ClInclude>
    <ClInclude Include="base_calc\lexer.h">
      <Filter>Archivos de encabezado\base_calc</Filter>
    </ClInclude>
    <ClInclude Include="base_calc\mathconst.h">
      <Filter>Archivos de encabezado\base_calc</Filter>
    </ClInclude>
    <ClInclude Include="base_calc\mathfunc.h">
      <Filter>Archivos de encabezado\base_calc</Filter>
    </ClInclude>
    <ClInclude Include="base_calc\multilist.h">
      <Filter>Archivos de encabezado\base_calc</Filter>
    </ClInclude>
    <ClInclude Include="base_calc\parse_tree.h">
      <Filter>Archivos de encabezado\base_calc</Filter>
    </ClInclude>
    <ClInclude Include="base_calc\parser.h">
      <Filter>Archivos de encabezado\base_calc</Filter>
    </ClInclude>
    <ClInclude Include="base_calc\tools.h">
      <Filter>Archivos de encabezado\base_calc</Filter>
    </ClInclude>
    <ClInclude Include="differential\differential.h">
      <Filter>Archivos de encabezado\differential</Filter>
    </ClInclude>
    <ClInclude Include="differential\differentiation.h">
      <Filter>Archivos de encabezado\differential</Filter>
    </ClInclude>
    <ClInclude Include="nonlinear\newton_raphson.h">
      <Filter>Archivos de encabezado\nonlinear</Filter>
    </ClInclude>
    <ClInclude Include="nonlinear\nonlinear_strategy.h">
      <Filter>Archivos de encabezado\nonlinear</Filter>
    </ClInclude>
    <ClInclude Include="differential\differential_strategy.h">
      <Filter>Archivos de encabezado\differential</Filter>
    </ClInclude>
    <ClInclude Include="differential\differential_context.h">
      <Filter>Archivos de encabezado\differential</Filter>
    </ClInclude>
    <ClInclude Include="nonlinear\secant.h">
      <Filter>Archivos de encabezado\nonlinear</Filter>
    </ClInclude>
    <ClInclude Include="misc\misc.h">
      <Filter>Archivos de encabezado\misc</Filter>
    </ClInclude>
    <ClInclude Include="misc\misc_common.h">
      <Filter>Archivos de encabezado\misc</Filter>
    </ClInclude>
    <ClInclude Include="misc\arithmetic_geometric_mean.h">
      <Filter>Archivos de encabezado\misc</Filter>
    </ClInclude>
    <ClInclude Include="common\common_strategy.h">
      <Filter>Archivos de encabezado\common</Filter>
    </ClInclude>
    <ClInclude Include="approximation\approximation.h">
      <Filter>Archivos de encabezado\approximation</Filter>
    </ClInclude>
    <ClInclude Include="approximation\approximation_strategy.h">
      <Filter>Archivos de encabezado\approximation</Filter>
    </ClInclude>
    <ClInclude Include="approximation\logarithmic.h">
      <Filter>Archivos de encabezado\approximation</Filter>
    </ClInclude>
    <ClInclude Include="approximation\trigonometric.h">
      <Filter>Archivos de encabezado\approximation</Filter>
    </ClInclude>
    <ClInclude Include="approximation\exponential.h">
      <Filter>Archivos de encabezado\approximation</Filter>
    </ClInclude>
    <ClInclude Include="math_calc.h">
      <Filter>Archivos de encabezado</Filter>
    </ClInclude>
    <ClInclude Include="integration\integration.h">
      <Filter>Archivos de encabezado\integration</Filter>
    </ClInclude>
    <ClInclude Include="integration\integration_strategy.h">
      <Filter>Archivos de encabezado\integration</Filter>
    </ClInclude>
    <ClInclude Include="integration\romberg.h">
      <Filter>Archivos de encabezado\integration</Filter>
    </ClInclude>
    <ClInclude Include="integration\trapezoidal.h">
      <Filter>Archivos de encabezado\integration</Filter>
    </ClInclude>
    <ClInclude Include="integration\simpson_1_3.h">
      <Filter>Archivos de encabezado\integration</Filter>
    </ClInclude>
    <ClInclude Include="integration\simpson_3_8.h">
      <Filter>Archivos de encabezado\integration</Filter>
    </ClInclude>
    <ClInclude Include="nonlinear\roots_range.h">
      <Filter>Archivos de encabezado\nonlinear</Filter>
    </ClInclude>
  </ItemGroup>
</Project>