<?xml version="1.0" encoding="utf-8"?>
<Project ToolsVersion="4.0" xmlns="http://schemas.microsoft.com/developer/msbuild/2003">
  <ItemGroup>
    <Filter Include="Archivos de origen">
      <UniqueIdentifier>{4FC737F1-C7A5-4376-A066-2A32D752A2FF}</UniqueIdentifier>
      <Extensions>cpp;c;cc;cxx;c++;def;odl;idl;hpj;bat;asm;asmx</Extensions>
    </Filter>
    <Filter Include="Archivos de encabezado">
      <UniqueIdentifier>{93995380-89BD-4b04-88EB-625FBE52EBFB}</UniqueIdentifier>
      <Extensions>h;hh;hpp;hxx;h++;hm;inl;inc;ipp;xsd</Extensions>
    </Filter>
    <Filter Include="Archivos de recursos">
      <UniqueIdentifier>{67DA6AB6-F800-4c08-8B7A-83BB121AAD01}</UniqueIdentifier>
      <Extensions>rc;ico;cur;bmp;dlg;rc2;rct;bin;rgs;gif;jpg;jpeg;jpe;resx;tiff;tif;png;wav;mfcribbon-ms</Extensions>
    </Filter>
    <Filter Include="Archivos de origen\nonlinear">
      <UniqueIdentifier>{bdcb548e-325e-44aa-8b9d-6f33ef7ca836}</UniqueIdentifier>
    </Filter>
    <Filter Include="Archivos de encabezado\nonlinear">
      <UniqueIdentifier>{cbda7980-8dfe-4d40-ba9c-2b26485a907e}</UniqueIdentifier>
    </Filter>
    <Filter Include="Archivos de encabezado\base_calc">
      <UniqueIdentifier>{2b1f68b8-1635-4eee-888f-db6e92711bcc}</UniqueIdentifier>
    </Filter>
    <Filter Include="Archivos de origen\base_calc">
      <UniqueIdentifier>{55c87305-2da4-4df1-b65c-f3ab4aded446}</UniqueIdentifier>
    </Filter>
  </ItemGroup>
  <ItemGroup>
    <ClCompile Include="main.cpp">
      <Filter>Archivos de origen</Filter>
    </ClCompile>
    <ClCompile Include="nonlinear\bisection.cpp">
      <Filter>Archivos de origen\nonlinear</Filter>
    </ClCompile>
    <ClCompile Include="nonlinear\nonlinear.cpp">
      <Filter>Archivos de origen\nonlinear</Filter>
    </ClCompile>
    <ClCompile Include="nonlinear\regula_falsi.cpp">
      <Filter>Archivos de origen\nonlinear</Filter>
    </ClCompile>
    <ClCompile Include="base_calc\base_calc.cpp">
      <Filter>Archivos de origen\base_calc</Filter>
    </ClCompile>
    <ClCompile Include="base_calc\interpreter.cpp">
      <Filter>Archivos de origen\base_calc</Filter>
    </ClCompile>
    <ClCompile Include="base_calc\lexer.cpp">
      <Filter>Archivos de origen\base_calc</Filter>
    </ClCompile>
    <ClCompile Include="base_calc\parcer.cpp">
      <Filter>Archivos de origen\base_calc</Filter>
    </ClCompile>
    <ClCompile Include="base_calc\parse_tree.cpp">
      <Filter>Archivos de origen\base_calc</Filter>
    </ClCompile>
    <ClCompile Include="base_calc\tools.cpp">
      <Filter>Archivos de origen\base_calc</Filter>
    </ClCompile>
  </ItemGroup>
  <ItemGroup>
    <ClInclude Include="nonlinear\bisection.h">
      <Filter>Archivos de encabezado\nonlinear</Filter>
    </ClInclude>
    <ClInclude Include="nonlinear\nonlinear.h">
      <Filter>Archivos de encabezado\nonlinear</Filter>
    </ClInclude>
    <ClInclude Include="nonlinear\strategy.h">
      <Filter>Archivos de encabezado\nonlinear</Filter>
    </ClInclude>
    <ClInclude Include="nonlinear\context.h">
      <Filter>Archivos de encabezado\nonlinear</Filter>
    </ClInclude>
    <ClInclude Include="nonlinear\regula_falsi.h">
      <Filter>Archivos de encabezado\nonlinear</Filter>
    </ClInclude>
    <ClInclude Include="base_calc\base_calc.h">
      <Filter>Archivos de encabezado\base_calc</Filter>
    </ClInclude>
    <ClInclude Include="base_calc\interpreter.h">
      <Filter>Archivos de encabezado\base_calc</Filter>
    </ClInclude>
    <ClInclude Include="base_calc\lexer.h">
      <Filter>Archivos de encabezado\base_calc</Filter>
    </ClInclude>
    <ClInclude Include="base_calc\mathconst.h">
      <Filter>Archivos de encabezado\base_calc</Filter>
    </ClInclude>
    <ClInclude Include="base_calc\mathfunc.h">
      <Filter>Archivos de encabezado\base_calc</Filter>
    </ClInclude>
    <ClInclude Include="base_calc\multilist.h">
      <Filter>Archivos de encabezado\base_calc</Filter>
    </ClInclude>
    <ClInclude Include="base_calc\parse_tree.h">
      <Filter>Archivos de encabezado\base_calc</Filter>
    </ClInclude>
    <ClInclude Include="base_calc\parser.h">
      <Filter>Archivos de encabezado\base_calc</Filter>
    </ClInclude>
    <ClInclude Include="base_calc\tools.h">
      <Filter>Archivos de encabezado\base_calc</Filter>
    </ClInclude>
  </ItemGroup>
</Project>